// !$*UTF8*$!
{
	archiveVersion = 1;
	classes = {
	};
	objectVersion = 46;
	objects = {

/* Begin PBXBuildFile section */
		50887DE116AD47C600DFB93E /* BMXSwitch.m in Sources */ = {isa = PBXBuildFile; fileRef = 50887DE016AD47C600DFB93E /* BMXSwitch.m */; };
		50887DE416AD4FE000DFB93E /* QuartzCore.framework in Frameworks */ = {isa = PBXBuildFile; fileRef = 50887DE316AD4FE000DFB93E /* QuartzCore.framework */; };
		50887DEC16AD59DD00DFB93E /* canvas@2x.png in Resources */ = {isa = PBXBuildFile; fileRef = 50887DE616AD59DD00DFB93E /* canvas@2x.png */; };
		50887DED16AD59DD00DFB93E /* content-disabled@2x.png in Resources */ = {isa = PBXBuildFile; fileRef = 50887DE716AD59DD00DFB93E /* content-disabled@2x.png */; };
		50887DEE16AD59DD00DFB93E /* content-normal@2x.png in Resources */ = {isa = PBXBuildFile; fileRef = 50887DE816AD59DD00DFB93E /* content-normal@2x.png */; };
		50887DEF16AD59DD00DFB93E /* knob-high@2x.png in Resources */ = {isa = PBXBuildFile; fileRef = 50887DE916AD59DD00DFB93E /* knob-high@2x.png */; };
		50887DF016AD59DD00DFB93E /* knob-normal@2x.png in Resources */ = {isa = PBXBuildFile; fileRef = 50887DEA16AD59DD00DFB93E /* knob-normal@2x.png */; };
		50887DF116AD59DD00DFB93E /* mask@2x.png in Resources */ = {isa = PBXBuildFile; fileRef = 50887DEB16AD59DD00DFB93E /* mask@2x.png */; };
		50887DF316AD5D6F00DFB93E /* knob-disabled@2x.png in Resources */ = {isa = PBXBuildFile; fileRef = 50887DF216AD5D6F00DFB93E /* knob-disabled@2x.png */; };
		50AAB97716B046B400690FAD /* BMXSwitchLayer.m in Sources */ = {isa = PBXBuildFile; fileRef = 50AAB97616B046B400690FAD /* BMXSwitchLayer.m */; };
		50DDF11616A0330200E3CE73 /* UIKit.framework in Frameworks */ = {isa = PBXBuildFile; fileRef = 50DDF11516A0330200E3CE73 /* UIKit.framework */; };
		50DDF11816A0330200E3CE73 /* Foundation.framework in Frameworks */ = {isa = PBXBuildFile; fileRef = 50DDF11716A0330200E3CE73 /* Foundation.framework */; };
		50DDF11A16A0330300E3CE73 /* CoreGraphics.framework in Frameworks */ = {isa = PBXBuildFile; fileRef = 50DDF11916A0330200E3CE73 /* CoreGraphics.framework */; };
		50DDF12016A0330300E3CE73 /* InfoPlist.strings in Resources */ = {isa = PBXBuildFile; fileRef = 50DDF11E16A0330300E3CE73 /* InfoPlist.strings */; };
		50DDF12216A0330300E3CE73 /* main.m in Sources */ = {isa = PBXBuildFile; fileRef = 50DDF12116A0330300E3CE73 /* main.m */; };
		50DDF12616A0330300E3CE73 /* BMXAppDelegate.m in Sources */ = {isa = PBXBuildFile; fileRef = 50DDF12516A0330300E3CE73 /* BMXAppDelegate.m */; };
		50DDF12816A0330300E3CE73 /* Default.png in Resources */ = {isa = PBXBuildFile; fileRef = 50DDF12716A0330300E3CE73 /* Default.png */; };
		50DDF12A16A0330300E3CE73 /* Default@2x.png in Resources */ = {isa = PBXBuildFile; fileRef = 50DDF12916A0330300E3CE73 /* Default@2x.png */; };
		50DDF12C16A0330300E3CE73 /* Default-568h@2x.png in Resources */ = {isa = PBXBuildFile; fileRef = 50DDF12B16A0330300E3CE73 /* Default-568h@2x.png */; };
		50DDF12F16A0330300E3CE73 /* BMXViewController.m in Sources */ = {isa = PBXBuildFile; fileRef = 50DDF12E16A0330300E3CE73 /* BMXViewController.m */; };
		50DDF13216A0330300E3CE73 /* BMXViewController.xib in Resources */ = {isa = PBXBuildFile; fileRef = 50DDF13016A0330300E3CE73 /* BMXViewController.xib */; };
/* End PBXBuildFile section */

/* Begin PBXFileReference section */
		50887DDF16AD47C600DFB93E /* BMXSwitch.h */ = {isa = PBXFileReference; fileEncoding = 4; lastKnownFileType = sourcecode.c.h; name = BMXSwitch.h; path = ../../BMXSwitch/BMXSwitch.h; sourceTree = "<group>"; };
		50887DE016AD47C600DFB93E /* BMXSwitch.m */ = {isa = PBXFileReference; fileEncoding = 4; lastKnownFileType = sourcecode.c.objc; name = BMXSwitch.m; path = ../../BMXSwitch/BMXSwitch.m; sourceTree = "<group>"; };
		50887DE316AD4FE000DFB93E /* QuartzCore.framework */ = {isa = PBXFileReference; lastKnownFileType = wrapper.framework; name = QuartzCore.framework; path = System/Library/Frameworks/QuartzCore.framework; sourceTree = SDKROOT; };
		50887DE616AD59DD00DFB93E /* canvas@2x.png */ = {isa = PBXFileReference; lastKnownFileType = image.png; path = "canvas@2x.png"; sourceTree = "<group>"; };
		50887DE716AD59DD00DFB93E /* content-disabled@2x.png */ = {isa = PBXFileReference; lastKnownFileType = image.png; path = "content-disabled@2x.png"; sourceTree = "<group>"; };
		50887DE816AD59DD00DFB93E /* content-normal@2x.png */ = {isa = PBXFileReference; lastKnownFileType = image.png; path = "content-normal@2x.png"; sourceTree = "<group>"; };
		50887DE916AD59DD00DFB93E /* knob-high@2x.png */ = {isa = PBXFileReference; lastKnownFileType = image.png; path = "knob-high@2x.png"; sourceTree = "<group>"; };
		50887DEA16AD59DD00DFB93E /* knob-normal@2x.png */ = {isa = PBXFileReference; lastKnownFileType = image.png; path = "knob-normal@2x.png"; sourceTree = "<group>"; };
		50887DEB16AD59DD00DFB93E /* mask@2x.png */ = {isa = PBXFileReference; lastKnownFileType = image.png; path = "mask@2x.png"; sourceTree = "<group>"; };
		50887DF216AD5D6F00DFB93E /* knob-disabled@2x.png */ = {isa = PBXFileReference; lastKnownFileType = image.png; path = "knob-disabled@2x.png"; sourceTree = "<group>"; };
		50AAB97516B046B400690FAD /* BMXSwitchLayer.h */ = {isa = PBXFileReference; fileEncoding = 4; lastKnownFileType = sourcecode.c.h; name = BMXSwitchLayer.h; path = ../../BMXSwitch/BMXSwitchLayer.h; sourceTree = "<group>"; };
		50AAB97616B046B400690FAD /* BMXSwitchLayer.m */ = {isa = PBXFileReference; fileEncoding = 4; lastKnownFileType = sourcecode.c.objc; name = BMXSwitchLayer.m; path = ../../BMXSwitch/BMXSwitchLayer.m; sourceTree = "<group>"; };
		50DDF11116A0330200E3CE73 /* BMXSwitchExample.app */ = {isa = PBXFileReference; explicitFileType = wrapper.application; includeInIndex = 0; path = BMXSwitchExample.app; sourceTree = BUILT_PRODUCTS_DIR; };
		50DDF11516A0330200E3CE73 /* UIKit.framework */ = {isa = PBXFileReference; lastKnownFileType = wrapper.framework; name = UIKit.framework; path = System/Library/Frameworks/UIKit.framework; sourceTree = SDKROOT; };
		50DDF11716A0330200E3CE73 /* Foundation.framework */ = {isa = PBXFileReference; lastKnownFileType = wrapper.framework; name = Foundation.framework; path = System/Library/Frameworks/Foundation.framework; sourceTree = SDKROOT; };
		50DDF11916A0330200E3CE73 /* CoreGraphics.framework */ = {isa = PBXFileReference; lastKnownFileType = wrapper.framework; name = CoreGraphics.framework; path = System/Library/Frameworks/CoreGraphics.framework; sourceTree = SDKROOT; };
		50DDF11D16A0330300E3CE73 /* BMXSwitchExample-Info.plist */ = {isa = PBXFileReference; lastKnownFileType = text.plist.xml; path = "BMXSwitchExample-Info.plist"; sourceTree = "<group>"; };
		50DDF11F16A0330300E3CE73 /* en */ = {isa = PBXFileReference; lastKnownFileType = text.plist.strings; name = en; path = en.lproj/InfoPlist.strings; sourceTree = "<group>"; };
		50DDF12116A0330300E3CE73 /* main.m */ = {isa = PBXFileReference; lastKnownFileType = sourcecode.c.objc; path = main.m; sourceTree = "<group>"; };
		50DDF12316A0330300E3CE73 /* BMXSwitchExample-Prefix.pch */ = {isa = PBXFileReference; lastKnownFileType = sourcecode.c.h; path = "BMXSwitchExample-Prefix.pch"; sourceTree = "<group>"; };
		50DDF12416A0330300E3CE73 /* BMXAppDelegate.h */ = {isa = PBXFileReference; lastKnownFileType = sourcecode.c.h; path = BMXAppDelegate.h; sourceTree = "<group>"; };
		50DDF12516A0330300E3CE73 /* BMXAppDelegate.m */ = {isa = PBXFileReference; lastKnownFileType = sourcecode.c.objc; path = BMXAppDelegate.m; sourceTree = "<group>"; };
		50DDF12716A0330300E3CE73 /* Default.png */ = {isa = PBXFileReference; lastKnownFileType = image.png; path = Default.png; sourceTree = "<group>"; };
		50DDF12916A0330300E3CE73 /* Default@2x.png */ = {isa = PBXFileReference; lastKnownFileType = image.png; path = "Default@2x.png"; sourceTree = "<group>"; };
		50DDF12B16A0330300E3CE73 /* Default-568h@2x.png */ = {isa = PBXFileReference; lastKnownFileType = image.png; path = "Default-568h@2x.png"; sourceTree = "<group>"; };
		50DDF12D16A0330300E3CE73 /* BMXViewController.h */ = {isa = PBXFileReference; lastKnownFileType = sourcecode.c.h; path = BMXViewController.h; sourceTree = "<group>"; };
		50DDF12E16A0330300E3CE73 /* BMXViewController.m */ = {isa = PBXFileReference; lastKnownFileType = sourcecode.c.objc; path = BMXViewController.m; sourceTree = "<group>"; };
		50DDF13116A0330300E3CE73 /* en */ = {isa = PBXFileReference; lastKnownFileType = file.xib; name = en; path = en.lproj/BMXViewController.xib; sourceTree = "<group>"; };
/* End PBXFileReference section */

/* Begin PBXFrameworksBuildPhase section */
		50DDF10E16A0330200E3CE73 /* Frameworks */ = {
			isa = PBXFrameworksBuildPhase;
			buildActionMask = 2147483647;
			files = (
				50887DE416AD4FE000DFB93E /* QuartzCore.framework in Frameworks */,
				50DDF11616A0330200E3CE73 /* UIKit.framework in Frameworks */,
				50DDF11816A0330200E3CE73 /* Foundation.framework in Frameworks */,
				50DDF11A16A0330300E3CE73 /* CoreGraphics.framework in Frameworks */,
			);
			runOnlyForDeploymentPostprocessing = 0;
		};
/* End PBXFrameworksBuildPhase section */

/* Begin PBXGroup section */
		50887DE516AD59DD00DFB93E /* Images */ = {
			isa = PBXGroup;
			children = (
				50887DF216AD5D6F00DFB93E /* knob-disabled@2x.png */,
				50887DE616AD59DD00DFB93E /* canvas@2x.png */,
				50887DE716AD59DD00DFB93E /* content-disabled@2x.png */,
				50887DE816AD59DD00DFB93E /* content-normal@2x.png */,
				50887DE916AD59DD00DFB93E /* knob-high@2x.png */,
				50887DEA16AD59DD00DFB93E /* knob-normal@2x.png */,
				50887DEB16AD59DD00DFB93E /* mask@2x.png */,
			);
			path = Images;
			sourceTree = SOURCE_ROOT;
		};
		50DDF10616A0330200E3CE73 = {
			isa = PBXGroup;
			children = (
				50DDF11B16A0330300E3CE73 /* BMXSwitchExample */,
				50DDF11416A0330200E3CE73 /* Frameworks */,
				50DDF11216A0330200E3CE73 /* Products */,
			);
			sourceTree = "<group>";
		};
		50DDF11216A0330200E3CE73 /* Products */ = {
			isa = PBXGroup;
			children = (
				50DDF11116A0330200E3CE73 /* BMXSwitchExample.app */,
			);
			name = Products;
			sourceTree = "<group>";
		};
		50DDF11416A0330200E3CE73 /* Frameworks */ = {
			isa = PBXGroup;
			children = (
				50DDF11916A0330200E3CE73 /* CoreGraphics.framework */,
				50DDF11716A0330200E3CE73 /* Foundation.framework */,
				50887DE316AD4FE000DFB93E /* QuartzCore.framework */,
				50DDF11516A0330200E3CE73 /* UIKit.framework */,
			);
			name = Frameworks;
			sourceTree = "<group>";
		};
		50DDF11B16A0330300E3CE73 /* BMXSwitchExample */ = {
			isa = PBXGroup;
			children = (
				50887DE516AD59DD00DFB93E /* Images */,
				50887DDF16AD47C600DFB93E /* BMXSwitch.h */,
				50887DE016AD47C600DFB93E /* BMXSwitch.m */,
				50AAB97516B046B400690FAD /* BMXSwitchLayer.h */,
				50AAB97616B046B400690FAD /* BMXSwitchLayer.m */,
				50DDF12416A0330300E3CE73 /* BMXAppDelegate.h */,
				50DDF12516A0330300E3CE73 /* BMXAppDelegate.m */,
				50DDF12D16A0330300E3CE73 /* BMXViewController.h */,
				50DDF12E16A0330300E3CE73 /* BMXViewController.m */,
				50DDF13016A0330300E3CE73 /* BMXViewController.xib */,
				50DDF11C16A0330300E3CE73 /* Supporting Files */,
			);
			path = BMXSwitchExample;
			sourceTree = "<group>";
		};
		50DDF11C16A0330300E3CE73 /* Supporting Files */ = {
			isa = PBXGroup;
			children = (
				50DDF11D16A0330300E3CE73 /* BMXSwitchExample-Info.plist */,
				50DDF11E16A0330300E3CE73 /* InfoPlist.strings */,
				50DDF12116A0330300E3CE73 /* main.m */,
				50DDF12316A0330300E3CE73 /* BMXSwitchExample-Prefix.pch */,
				50DDF12716A0330300E3CE73 /* Default.png */,
				50DDF12916A0330300E3CE73 /* Default@2x.png */,
				50DDF12B16A0330300E3CE73 /* Default-568h@2x.png */,
			);
			name = "Supporting Files";
			sourceTree = "<group>";
		};
/* End PBXGroup section */

/* Begin PBXNativeTarget section */
		50DDF11016A0330200E3CE73 /* BMXSwitchExample */ = {
			isa = PBXNativeTarget;
			buildConfigurationList = 50DDF13516A0330300E3CE73 /* Build configuration list for PBXNativeTarget "BMXSwitchExample" */;
			buildPhases = (
				50DDF10D16A0330200E3CE73 /* Sources */,
				50DDF10E16A0330200E3CE73 /* Frameworks */,
				50DDF10F16A0330200E3CE73 /* Resources */,
			);
			buildRules = (
			);
			dependencies = (
			);
			name = BMXSwitchExample;
			productName = BMXSwitchExample;
			productReference = 50DDF11116A0330200E3CE73 /* BMXSwitchExample.app */;
			productType = "com.apple.product-type.application";
		};
/* End PBXNativeTarget section */

/* Begin PBXProject section */
		50DDF10816A0330200E3CE73 /* Project object */ = {
			isa = PBXProject;
			attributes = {
				CLASSPREFIX = BMX;
				LastUpgradeCheck = 0450;
				ORGANIZATIONNAME = "Massimiliano Bigatti";
			};
			buildConfigurationList = 50DDF10B16A0330200E3CE73 /* Build configuration list for PBXProject "BMXSwitchExample" */;
			compatibilityVersion = "Xcode 3.2";
			developmentRegion = English;
			hasScannedForEncodings = 0;
			knownRegions = (
				en,
			);
			mainGroup = 50DDF10616A0330200E3CE73;
			productRefGroup = 50DDF11216A0330200E3CE73 /* Products */;
			projectDirPath = "";
			projectRoot = "";
			targets = (
				50DDF11016A0330200E3CE73 /* BMXSwitchExample */,
			);
		};
/* End PBXProject section */

/* Begin PBXResourcesBuildPhase section */
		50DDF10F16A0330200E3CE73 /* Resources */ = {
			isa = PBXResourcesBuildPhase;
			buildActionMask = 2147483647;
			files = (
				50DDF12016A0330300E3CE73 /* InfoPlist.strings in Resources */,
				50DDF12816A0330300E3CE73 /* Default.png in Resources */,
				50DDF12A16A0330300E3CE73 /* Default@2x.png in Resources */,
				50DDF12C16A0330300E3CE73 /* Default-568h@2x.png in Resources */,
				50DDF13216A0330300E3CE73 /* BMXViewController.xib in Resources */,
				50887DEC16AD59DD00DFB93E /* canvas@2x.png in Resources */,
				50887DED16AD59DD00DFB93E /* content-disabled@2x.png in Resources */,
				50887DEE16AD59DD00DFB93E /* content-normal@2x.png in Resources */,
				50887DEF16AD59DD00DFB93E /* knob-high@2x.png in Resources */,
				50887DF016AD59DD00DFB93E /* knob-normal@2x.png in Resources */,
				50887DF116AD59DD00DFB93E /* mask@2x.png in Resources */,
				50887DF316AD5D6F00DFB93E /* knob-disabled@2x.png in Resources */,
			);
			runOnlyForDeploymentPostprocessing = 0;
		};
/* End PBXResourcesBuildPhase section */

/* Begin PBXSourcesBuildPhase section */
		50DDF10D16A0330200E3CE73 /* Sources */ = {
			isa = PBXSourcesBuildPhase;
			buildActionMask = 2147483647;
			files = (
				50DDF12216A0330300E3CE73 /* main.m in Sources */,
				50DDF12616A0330300E3CE73 /* BMXAppDelegate.m in Sources */,
				50DDF12F16A0330300E3CE73 /* BMXViewController.m in Sources */,
				50887DE116AD47C600DFB93E /* BMXSwitch.m in Sources */,
				50AAB97716B046B400690FAD /* BMXSwitchLayer.m in Sources */,
			);
			runOnlyForDeploymentPostprocessing = 0;
		};
/* End PBXSourcesBuildPhase section */

/* Begin PBXVariantGroup section */
		50DDF11E16A0330300E3CE73 /* InfoPlist.strings */ = {
			isa = PBXVariantGroup;
			children = (
				50DDF11F16A0330300E3CE73 /* en */,
			);
			name = InfoPlist.strings;
			sourceTree = "<group>";
		};
		50DDF13016A0330300E3CE73 /* BMXViewController.xib */ = {
			isa = PBXVariantGroup;
			children = (
				50DDF13116A0330300E3CE73 /* en */,
			);
			name = BMXViewController.xib;
			sourceTree = "<group>";
		};
/* End PBXVariantGroup section */

/* Begin XCBuildConfiguration section */
		50DDF13316A0330300E3CE73 /* Debug */ = {
			isa = XCBuildConfiguration;
			buildSettings = {
				ALWAYS_SEARCH_USER_PATHS = NO;
				CLANG_CXX_LANGUAGE_STANDARD = "gnu++0x";
				CLANG_CXX_LIBRARY = "libc++";
				CLANG_ENABLE_OBJC_ARC = YES;
				CLANG_WARN_EMPTY_BODY = YES;
				CLANG_WARN__DUPLICATE_METHOD_MATCH = YES;
				"CODE_SIGN_IDENTITY[sdk=iphoneos*]" = "iPhone Developer";
				COPY_PHASE_STRIP = NO;
				GCC_C_LANGUAGE_STANDARD = gnu99;
				GCC_DYNAMIC_NO_PIC = NO;
				GCC_OPTIMIZATION_LEVEL = 0;
				GCC_PREPROCESSOR_DEFINITIONS = (
					"DEBUG=1",
					"$(inherited)",
				);
				GCC_SYMBOLS_PRIVATE_EXTERN = NO;
				GCC_WARN_ABOUT_RETURN_TYPE = YES;
				GCC_WARN_UNINITIALIZED_AUTOS = YES;
				GCC_WARN_UNUSED_VARIABLE = YES;
				IPHONEOS_DEPLOYMENT_TARGET = 5.0;
				ONLY_ACTIVE_ARCH = YES;
				SDKROOT = iphoneos;
			};
			name = Debug;
		};
		50DDF13416A0330300E3CE73 /* Release */ = {
			isa = XCBuildConfiguration;
			buildSettings = {
				ALWAYS_SEARCH_USER_PATHS = NO;
				CLANG_CXX_LANGUAGE_STANDARD = "gnu++0x";
				CLANG_CXX_LIBRARY = "libc++";
				CLANG_ENABLE_OBJC_ARC = YES;
				CLANG_WARN_EMPTY_BODY = YES;
				CLANG_WARN__DUPLICATE_METHOD_MATCH = YES;
				"CODE_SIGN_IDENTITY[sdk=iphoneos*]" = "iPhone Developer";
				COPY_PHASE_STRIP = YES;
				GCC_C_LANGUAGE_STANDARD = gnu99;
				GCC_WARN_ABOUT_RETURN_TYPE = YES;
				GCC_WARN_UNINITIALIZED_AUTOS = YES;
				GCC_WARN_UNUSED_VARIABLE = YES;
				IPHONEOS_DEPLOYMENT_TARGET = 5.0;
				OTHER_CFLAGS = "-DNS_BLOCK_ASSERTIONS=1";
				SDKROOT = iphoneos;
				VALIDATE_PRODUCT = YES;
			};
			name = Release;
		};
		50DDF13616A0330300E3CE73 /* Debug */ = {
			isa = XCBuildConfiguration;
			buildSettings = {
				GCC_PRECOMPILE_PREFIX_HEADER = YES;
				GCC_PREFIX_HEADER = "BMXSwitchExample/BMXSwitchExample-Prefix.pch";
				INFOPLIST_FILE = "BMXSwitchExample/BMXSwitchExample-Info.plist";
				PRODUCT_NAME = "$(TARGET_NAME)";
				WRAPPER_EXTENSION = app;
			};
			name = Debug;
		};
		50DDF13716A0330300E3CE73 /* Release */ = {
			isa = XCBuildConfiguration;
			buildSettings = {
				GCC_PRECOMPILE_PREFIX_HEADER = YES;
				GCC_PREFIX_HEADER = "BMXSwitchExample/BMXSwitchExample-Prefix.pch";
				INFOPLIST_FILE = "BMXSwitchExample/BMXSwitchExample-Info.plist";
				PRODUCT_NAME = "$(TARGET_NAME)";
				WRAPPER_EXTENSION = app;
			};
			name = Release;
		};
/* End XCBuildConfiguration section */

/* Begin XCConfigurationList section */
		50DDF10B16A0330200E3CE73 /* Build configuration list for PBXProject "BMXSwitchExample" */ = {
			isa = XCConfigurationList;
			buildConfigurations = (
				50DDF13316A0330300E3CE73 /* Debug */,
				50DDF13416A0330300E3CE73 /* Release */,
			);
			defaultConfigurationIsVisible = 0;
			defaultConfigurationName = Release;
		};
		50DDF13516A0330300E3CE73 /* Build configuration list for PBXNativeTarget "BMXSwitchExample" */ = {
			isa = XCConfigurationList;
			buildConfigurations = (
				50DDF13616A0330300E3CE73 /* Debug */,
				50DDF13716A0330300E3CE73 /* Release */,
			);
			defaultConfigurationIsVisible = 0;
			defaultConfigurationName = Release;
		};
/* End XCConfigurationList section */
	};
	rootObject = 50DDF10816A0330200E3CE73 /* Project object */;
}
